
Microsoft Visual Studio Solution File, Format Version 12.00
# Visual Studio Version 17
VisualStudioVersion = 17.5.33627.172
MinimumVisualStudioVersion = 10.0.40219.1
Project("{9A19103F-16F7-4668-BE54-9A1E7A4F7556}") = "PelotonIDE", "PelotonIDE\PelotonIDE.csproj", "{B62F5CBE-554A-40B7-9A32-01A859DACDC8}"
EndProject
Project("{9A19103F-16F7-4668-BE54-9A1E7A4F7556}") = "PelotonIDE.DataContracts", "PelotonIDE.DataContracts\PelotonIDE.DataContracts.csproj", "{DAD7477C-601E-47E1-9703-808D57F44992}"
EndProject
Project("{2150E333-8FDC-42A3-9474-1A3956D46DE8}") = "Tests", "Tests", "{60F4DDED-B70D-4D19-AD74-282838BAD540}"
EndProject
Project("{9A19103F-16F7-4668-BE54-9A1E7A4F7556}") = "PelotonIDE.Tests", "PelotonIDE.Tests\PelotonIDE.Tests.csproj", "{01BEBCFA-DB7C-42DF-9A9A-DB423C86376E}"
EndProject
Project("{9A19103F-16F7-4668-BE54-9A1E7A4F7556}") = "PelotonIDE.UITests", "PelotonIDE.UITests\PelotonIDE.UITests.csproj", "{495CB53F-56CE-4642-B409-EC41FFA1710A}"
EndProject
Project("{2150E333-8FDC-42A3-9474-1A3956D46DE8}") = "Platforms", "Platforms", "{CDFDA51E-71F8-4696-874A-7F40A7CFC40F}"
EndProject
Project("{9A19103F-16F7-4668-BE54-9A1E7A4F7556}") = "PelotonIDE.Mobile", "PelotonIDE.Mobile\PelotonIDE.Mobile.csproj", "{E23299B9-D1A6-4FE0-9864-8BCC611451E4}"
EndProject
Project("{9A19103F-16F7-4668-BE54-9A1E7A4F7556}") = "PelotonIDE.Windows", "PelotonIDE.Windows\PelotonIDE.Windows.csproj", "{6EC74A24-690C-4602-A626-D439CD2885D4}"
EndProject
Project("{9A19103F-16F7-4668-BE54-9A1E7A4F7556}") = "PelotonIDE.Skia.Linux.FrameBuffer", "PelotonIDE.Skia.Linux.FrameBuffer\PelotonIDE.Skia.Linux.FrameBuffer.csproj", "{0F3C9240-0338-4056-B9AD-F71173E5A49E}"
EndProject
Project("{2150E333-8FDC-42A3-9474-1A3956D46DE8}") = "Solution Items", "Solution Items", "{68C20919-3FF4-4BF4-A1D5-E3E5904C56E3}"
	ProjectSection(SolutionItems) = preProject
		.editorconfig = .editorconfig
	EndProjectSection
EndProject
Global
	GlobalSection(SolutionConfigurationPlatforms) = preSolution
		Debug|Any CPU = Debug|Any CPU
		Debug|arm64 = Debug|arm64
		Debug|x64 = Debug|x64
		Debug|x86 = Debug|x86
		Release|Any CPU = Release|Any CPU
		Release|arm64 = Release|arm64
		Release|x64 = Release|x64
		Release|x86 = Release|x86
	EndGlobalSection
	GlobalSection(ProjectConfigurationPlatforms) = postSolution
		{B62F5CBE-554A-40B7-9A32-01A859DACDC8}.Debug|Any CPU.ActiveCfg = Debug|Any CPU
		{B62F5CBE-554A-40B7-9A32-01A859DACDC8}.Debug|Any CPU.Build.0 = Debug|Any CPU
		{B62F5CBE-554A-40B7-9A32-01A859DACDC8}.Debug|arm64.ActiveCfg = Debug|Any CPU
		{B62F5CBE-554A-40B7-9A32-01A859DACDC8}.Debug|arm64.Build.0 = Debug|Any CPU
		{B62F5CBE-554A-40B7-9A32-01A859DACDC8}.Debug|x64.ActiveCfg = Debug|Any CPU
		{B62F5CBE-554A-40B7-9A32-01A859DACDC8}.Debug|x64.Build.0 = Debug|Any CPU
		{B62F5CBE-554A-40B7-9A32-01A859DACDC8}.Debug|x86.ActiveCfg = Debug|Any CPU
		{B62F5CBE-554A-40B7-9A32-01A859DACDC8}.Debug|x86.Build.0 = Debug|Any CPU
		{B62F5CBE-554A-40B7-9A32-01A859DACDC8}.Release|Any CPU.ActiveCfg = Release|Any CPU
		{B62F5CBE-554A-40B7-9A32-01A859DACDC8}.Release|Any CPU.Build.0 = Release|Any CPU
		{B62F5CBE-554A-40B7-9A32-01A859DACDC8}.Release|arm64.ActiveCfg = Release|Any CPU
		{B62F5CBE-554A-40B7-9A32-01A859DACDC8}.Release|arm64.Build.0 = Release|Any CPU
		{B62F5CBE-554A-40B7-9A32-01A859DACDC8}.Release|x64.ActiveCfg = Release|Any CPU
		{B62F5CBE-554A-40B7-9A32-01A859DACDC8}.Release|x64.Build.0 = Release|Any CPU
		{B62F5CBE-554A-40B7-9A32-01A859DACDC8}.Release|x86.ActiveCfg = Release|Any CPU
		{B62F5CBE-554A-40B7-9A32-01A859DACDC8}.Release|x86.Build.0 = Release|Any CPU
		{DAD7477C-601E-47E1-9703-808D57F44992}.Debug|Any CPU.ActiveCfg = Debug|Any CPU
		{DAD7477C-601E-47E1-9703-808D57F44992}.Debug|Any CPU.Build.0 = Debug|Any CPU
		{DAD7477C-601E-47E1-9703-808D57F44992}.Debug|arm64.ActiveCfg = Debug|Any CPU
		{DAD7477C-601E-47E1-9703-808D57F44992}.Debug|arm64.Build.0 = Debug|Any CPU
		{DAD7477C-601E-47E1-9703-808D57F44992}.Debug|x64.ActiveCfg = Debug|Any CPU
		{DAD7477C-601E-47E1-9703-808D57F44992}.Debug|x64.Build.0 = Debug|Any CPU
		{DAD7477C-601E-47E1-9703-808D57F44992}.Debug|x86.ActiveCfg = Debug|Any CPU
		{DAD7477C-601E-47E1-9703-808D57F44992}.Debug|x86.Build.0 = Debug|Any CPU
		{DAD7477C-601E-47E1-9703-808D57F44992}.Release|Any CPU.ActiveCfg = Release|Any CPU
		{DAD7477C-601E-47E1-9703-808D57F44992}.Release|Any CPU.Build.0 = Release|Any CPU
		{DAD7477C-601E-47E1-9703-808D57F44992}.Release|arm64.ActiveCfg = Release|Any CPU
		{DAD7477C-601E-47E1-9703-808D57F44992}.Release|arm64.Build.0 = Release|Any CPU
		{DAD7477C-601E-47E1-9703-808D57F44992}.Release|x64.ActiveCfg = Release|Any CPU
		{DAD7477C-601E-47E1-9703-808D57F44992}.Release|x64.Build.0 = Release|Any CPU
		{DAD7477C-601E-47E1-9703-808D57F44992}.Release|x86.ActiveCfg = Release|Any CPU
		{DAD7477C-601E-47E1-9703-808D57F44992}.Release|x86.Build.0 = Release|Any CPU
		{01BEBCFA-DB7C-42DF-9A9A-DB423C86376E}.Debug|Any CPU.ActiveCfg = Debug|Any CPU
		{01BEBCFA-DB7C-42DF-9A9A-DB423C86376E}.Debug|Any CPU.Build.0 = Debug|Any CPU
		{01BEBCFA-DB7C-42DF-9A9A-DB423C86376E}.Debug|arm64.ActiveCfg = Debug|Any CPU
		{01BEBCFA-DB7C-42DF-9A9A-DB423C86376E}.Debug|arm64.Build.0 = Debug|Any CPU
		{01BEBCFA-DB7C-42DF-9A9A-DB423C86376E}.Debug|x64.ActiveCfg = Debug|Any CPU
		{01BEBCFA-DB7C-42DF-9A9A-DB423C86376E}.Debug|x64.Build.0 = Debug|Any CPU
		{01BEBCFA-DB7C-42DF-9A9A-DB423C86376E}.Debug|x86.ActiveCfg = Debug|Any CPU
		{01BEBCFA-DB7C-42DF-9A9A-DB423C86376E}.Debug|x86.Build.0 = Debug|Any CPU
		{01BEBCFA-DB7C-42DF-9A9A-DB423C86376E}.Release|Any CPU.ActiveCfg = Release|Any CPU
		{01BEBCFA-DB7C-42DF-9A9A-DB423C86376E}.Release|Any CPU.Build.0 = Release|Any CPU
		{01BEBCFA-DB7C-42DF-9A9A-DB423C86376E}.Release|arm64.ActiveCfg = Release|Any CPU
		{01BEBCFA-DB7C-42DF-9A9A-DB423C86376E}.Release|arm64.Build.0 = Release|Any CPU
		{01BEBCFA-DB7C-42DF-9A9A-DB423C86376E}.Release|x64.ActiveCfg = Release|Any CPU
		{01BEBCFA-DB7C-42DF-9A9A-DB423C86376E}.Release|x64.Build.0 = Release|Any CPU
		{01BEBCFA-DB7C-42DF-9A9A-DB423C86376E}.Release|x86.ActiveCfg = Release|Any CPU
		{01BEBCFA-DB7C-42DF-9A9A-DB423C86376E}.Release|x86.Build.0 = Release|Any CPU
		{495CB53F-56CE-4642-B409-EC41FFA1710A}.Debug|Any CPU.ActiveCfg = Debug|Any CPU
		{495CB53F-56CE-4642-B409-EC41FFA1710A}.Debug|Any CPU.Build.0 = Debug|Any CPU
		{495CB53F-56CE-4642-B409-EC41FFA1710A}.Debug|arm64.ActiveCfg = Debug|Any CPU
		{495CB53F-56CE-4642-B409-EC41FFA1710A}.Debug|arm64.Build.0 = Debug|Any CPU
		{495CB53F-56CE-4642-B409-EC41FFA1710A}.Debug|x64.ActiveCfg = Debug|Any CPU
		{495CB53F-56CE-4642-B409-EC41FFA1710A}.Debug|x64.Build.0 = Debug|Any CPU
		{495CB53F-56CE-4642-B409-EC41FFA1710A}.Debug|x86.ActiveCfg = Debug|Any CPU
		{495CB53F-56CE-4642-B409-EC41FFA1710A}.Debug|x86.Build.0 = Debug|Any CPU
		{495CB53F-56CE-4642-B409-EC41FFA1710A}.Release|Any CPU.ActiveCfg = Release|Any CPU
		{495CB53F-56CE-4642-B409-EC41FFA1710A}.Release|Any CPU.Build.0 = Release|Any CPU
		{495CB53F-56CE-4642-B409-EC41FFA1710A}.Release|arm64.ActiveCfg = Release|Any CPU
		{495CB53F-56CE-4642-B409-EC41FFA1710A}.Release|arm64.Build.0 = Release|Any CPU
		{495CB53F-56CE-4642-B409-EC41FFA1710A}.Release|x64.ActiveCfg = Release|Any CPU
		{495CB53F-56CE-4642-B409-EC41FFA1710A}.Release|x64.Build.0 = Release|Any CPU
		{495CB53F-56CE-4642-B409-EC41FFA1710A}.Release|x86.ActiveCfg = Release|Any CPU
		{495CB53F-56CE-4642-B409-EC41FFA1710A}.Release|x86.Build.0 = Release|Any CPU
		{E23299B9-D1A6-4FE0-9864-8BCC611451E4}.Debug|Any CPU.ActiveCfg = Debug|Any CPU
		{E23299B9-D1A6-4FE0-9864-8BCC611451E4}.Debug|Any CPU.Build.0 = Debug|Any CPU
		{E23299B9-D1A6-4FE0-9864-8BCC611451E4}.Debug|Any CPU.Deploy.0 = Debug|Any CPU
		{E23299B9-D1A6-4FE0-9864-8BCC611451E4}.Debug|arm64.ActiveCfg = Debug|Any CPU
		{E23299B9-D1A6-4FE0-9864-8BCC611451E4}.Debug|arm64.Build.0 = Debug|Any CPU
		{E23299B9-D1A6-4FE0-9864-8BCC611451E4}.Debug|arm64.Deploy.0 = Debug|Any CPU
		{E23299B9-D1A6-4FE0-9864-8BCC611451E4}.Debug|x64.ActiveCfg = Debug|Any CPU
		{E23299B9-D1A6-4FE0-9864-8BCC611451E4}.Debug|x64.Build.0 = Debug|Any CPU
		{E23299B9-D1A6-4FE0-9864-8BCC611451E4}.Debug|x64.Deploy.0 = Debug|Any CPU
		{E23299B9-D1A6-4FE0-9864-8BCC611451E4}.Debug|x86.ActiveCfg = Debug|Any CPU
		{E23299B9-D1A6-4FE0-9864-8BCC611451E4}.Debug|x86.Build.0 = Debug|Any CPU
		{E23299B9-D1A6-4FE0-9864-8BCC611451E4}.Debug|x86.Deploy.0 = Debug|Any CPU
		{E23299B9-D1A6-4FE0-9864-8BCC611451E4}.Release|Any CPU.ActiveCfg = Release|Any CPU
		{E23299B9-D1A6-4FE0-9864-8BCC611451E4}.Release|Any CPU.Build.0 = Release|Any CPU
		{E23299B9-D1A6-4FE0-9864-8BCC611451E4}.Release|Any CPU.Deploy.0 = Release|Any CPU
		{E23299B9-D1A6-4FE0-9864-8BCC611451E4}.Release|arm64.ActiveCfg = Release|Any CPU
		{E23299B9-D1A6-4FE0-9864-8BCC611451E4}.Release|arm64.Build.0 = Release|Any CPU
		{E23299B9-D1A6-4FE0-9864-8BCC611451E4}.Release|arm64.Deploy.0 = Release|Any CPU
		{E23299B9-D1A6-4FE0-9864-8BCC611451E4}.Release|x64.ActiveCfg = Release|Any CPU
		{E23299B9-D1A6-4FE0-9864-8BCC611451E4}.Release|x64.Build.0 = Release|Any CPU
		{E23299B9-D1A6-4FE0-9864-8BCC611451E4}.Release|x64.Deploy.0 = Release|Any CPU
		{E23299B9-D1A6-4FE0-9864-8BCC611451E4}.Release|x86.ActiveCfg = Release|Any CPU
		{E23299B9-D1A6-4FE0-9864-8BCC611451E4}.Release|x86.Build.0 = Release|Any CPU
		{E23299B9-D1A6-4FE0-9864-8BCC611451E4}.Release|x86.Deploy.0 = Release|Any CPU
		{6EC74A24-690C-4602-A626-D439CD2885D4}.Debug|Any CPU.ActiveCfg = Debug|x64
		{6EC74A24-690C-4602-A626-D439CD2885D4}.Debug|Any CPU.Build.0 = Debug|x64
		{6EC74A24-690C-4602-A626-D439CD2885D4}.Debug|Any CPU.Deploy.0 = Debug|x64
		{6EC74A24-690C-4602-A626-D439CD2885D4}.Debug|arm64.ActiveCfg = Debug|arm64
		{6EC74A24-690C-4602-A626-D439CD2885D4}.Debug|arm64.Build.0 = Debug|arm64
		{6EC74A24-690C-4602-A626-D439CD2885D4}.Debug|arm64.Deploy.0 = Debug|arm64
		{6EC74A24-690C-4602-A626-D439CD2885D4}.Debug|x64.ActiveCfg = Debug|x64
		{6EC74A24-690C-4602-A626-D439CD2885D4}.Debug|x64.Build.0 = Debug|x64
		{6EC74A24-690C-4602-A626-D439CD2885D4}.Debug|x64.Deploy.0 = Debug|x64
		{6EC74A24-690C-4602-A626-D439CD2885D4}.Debug|x86.ActiveCfg = Debug|x86
		{6EC74A24-690C-4602-A626-D439CD2885D4}.Debug|x86.Build.0 = Debug|x86
		{6EC74A24-690C-4602-A626-D439CD2885D4}.Debug|x86.Deploy.0 = Debug|x86
		{6EC74A24-690C-4602-A626-D439CD2885D4}.Release|Any CPU.ActiveCfg = Release|x64
		{6EC74A24-690C-4602-A626-D439CD2885D4}.Release|Any CPU.Build.0 = Release|x64
		{6EC74A24-690C-4602-A626-D439CD2885D4}.Release|Any CPU.Deploy.0 = Release|x64
		{6EC74A24-690C-4602-A626-D439CD2885D4}.Release|arm64.ActiveCfg = Release|arm64
		{6EC74A24-690C-4602-A626-D439CD2885D4}.Release|arm64.Build.0 = Release|arm64
		{6EC74A24-690C-4602-A626-D439CD2885D4}.Release|arm64.Deploy.0 = Release|arm64
		{6EC74A24-690C-4602-A626-D439CD2885D4}.Release|x64.ActiveCfg = Release|x64
		{6EC74A24-690C-4602-A626-D439CD2885D4}.Release|x64.Build.0 = Release|x64
		{6EC74A24-690C-4602-A626-D439CD2885D4}.Release|x64.Deploy.0 = Release|x64
		{6EC74A24-690C-4602-A626-D439CD2885D4}.Release|x86.ActiveCfg = Release|x86
		{6EC74A24-690C-4602-A626-D439CD2885D4}.Release|x86.Build.0 = Release|x86
		{6EC74A24-690C-4602-A626-D439CD2885D4}.Release|x86.Deploy.0 = Release|x86
		{0F3C9240-0338-4056-B9AD-F71173E5A49E}.Debug|Any CPU.ActiveCfg = Debug|Any CPU
		{0F3C9240-0338-4056-B9AD-F71173E5A49E}.Debug|Any CPU.Build.0 = Debug|Any CPU
		{0F3C9240-0338-4056-B9AD-F71173E5A49E}.Debug|arm64.ActiveCfg = Debug|Any CPU
		{0F3C9240-0338-4056-B9AD-F71173E5A49E}.Debug|arm64.Build.0 = Debug|Any CPU
		{0F3C9240-0338-4056-B9AD-F71173E5A49E}.Debug|x64.ActiveCfg = Debug|Any CPU
		{0F3C9240-0338-4056-B9AD-F71173E5A49E}.Debug|x64.Build.0 = Debug|Any CPU
		{0F3C9240-0338-4056-B9AD-F71173E5A49E}.Debug|x86.ActiveCfg = Debug|Any CPU
		{0F3C9240-0338-4056-B9AD-F71173E5A49E}.Debug|x86.Build.0 = Debug|Any CPU
		{0F3C9240-0338-4056-B9AD-F71173E5A49E}.Release|Any CPU.ActiveCfg = Release|Any CPU
		{0F3C9240-0338-4056-B9AD-F71173E5A49E}.Release|Any CPU.Build.0 = Release|Any CPU
		{0F3C9240-0338-4056-B9AD-F71173E5A49E}.Release|arm64.ActiveCfg = Release|Any CPU
		{0F3C9240-0338-4056-B9AD-F71173E5A49E}.Release|arm64.Build.0 = Release|Any CPU
		{0F3C9240-0338-4056-B9AD-F71173E5A49E}.Release|x64.ActiveCfg = Release|Any CPU
		{0F3C9240-0338-4056-B9AD-F71173E5A49E}.Release|x64.Build.0 = Release|Any CPU
		{0F3C9240-0338-4056-B9AD-F71173E5A49E}.Release|x86.ActiveCfg = Release|Any CPU
		{0F3C9240-0338-4056-B9AD-F71173E5A49E}.Release|x86.Build.0 = Release|Any CPU
	EndGlobalSection
	GlobalSection(SolutionProperties) = preSolution
		HideSolutionNode = FALSE
	EndGlobalSection
	GlobalSection(NestedProjects) = preSolution
		{01BEBCFA-DB7C-42DF-9A9A-DB423C86376E} = {60F4DDED-B70D-4D19-AD74-282838BAD540}
		{495CB53F-56CE-4642-B409-EC41FFA1710A} = {60F4DDED-B70D-4D19-AD74-282838BAD540}
		{E23299B9-D1A6-4FE0-9864-8BCC611451E4} = {CDFDA51E-71F8-4696-874A-7F40A7CFC40F}
		{6EC74A24-690C-4602-A626-D439CD2885D4} = {CDFDA51E-71F8-4696-874A-7F40A7CFC40F}
		{0F3C9240-0338-4056-B9AD-F71173E5A49E} = {CDFDA51E-71F8-4696-874A-7F40A7CFC40F}
	EndGlobalSection
	GlobalSection(ExtensibilityGlobals) = postSolution
		SolutionGuid = {73C9EB92-F59A-473A-8D97-1F6B97DAE6E3}
	EndGlobalSection
EndGlobal
